
Microsoft Visual Studio Solution File, Format Version 12.00
# Visual Studio Version 17
VisualStudioVersion = 17.11.35312.102
MinimumVisualStudioVersion = 10.0.40219.1
Project("{8BC9CEB8-8B4A-11D0-8D11-00A0C91BC942}") = "Aufgabe1_Staffelrechnung", "Aufgabe1_Staffelrechnung\Aufgabe1_Staffelrechnung.vcxproj", "{40A318A5-3341-493D-8ACD-5F66D36DCE18}"
EndProject
Project("{8BC9CEB8-8B4A-11D0-8D11-00A0C91BC942}") = "Aufgabe3_Zahleneinlesen", "Aufgabe3_Zahleneinlesen\Aufgabe3_Zahleneinlesen.vcxproj", "{05C05CE0-C01C-4902-ABBB-77001CF9D0D3}"
EndProject
Project("{8BC9CEB8-8B4A-11D0-8D11-00A0C91BC942}") = "Aufgabe2_Fibonacci-Zahlen", "Aufgabe3_Fibonacci-Zahlen\Aufgabe3_Fibonacci-Zahlen.vcxproj", "{59D681C5-127F-4DFC-843C-B1EF162D99ED}"
EndProject
Project("{8BC9CEB8-8B4A-11D0-8D11-00A0C91BC942}") = "Aufgabe4_EinfachZahlenDoppeln", "Aufgabe4_EinfachZahlenDoppeln\Aufgabe4_EinfachZahlenDoppeln.vcxproj", "{A919D775-E36F-48AD-8C96-55DB8C41DC1F}"
EndProject
Project("{8BC9CEB8-8B4A-11D0-8D11-00A0C91BC942}") = "Aufgabe5_Primzahlen", "Aufgabe5_Primzahlen\Aufgabe5_Primzahlen.vcxproj", "{6DA0BB90-D9D1-4A2A-9D06-3E4793C5F1EE}"
EndProject
Project("{8BC9CEB8-8B4A-11D0-8D11-00A0C91BC942}") = "Aufgabe6_Durchschnitt", "Aufgabe6_Durchschnitt\Aufgabe6_Durchschnitt.vcxproj", "{A5EBBDDC-1999-49D0-A10D-6AE67541975C}"
EndProject
Project("{8BC9CEB8-8B4A-11D0-8D11-00A0C91BC942}") = "Aufgabe7_ZahlenRückwerzDarstellen", "Aufgabe7_ZahlenRückwerzDarstellen\Aufgabe7_ZahlenRückwerzDarstellen.vcxproj", "{FA62DBAB-3660-48DE-AD36-FA20A3310E67}"
EndProject
Project("{8BC9CEB8-8B4A-11D0-8D11-00A0C91BC942}") = "Aufgabe8_Berechnung", "Aufgabe8_Berechnung\Aufgabe8_Berechnung.vcxproj", "{05F0E76A-4346-4CE9-A394-56EC9FF0D856}"
EndProject
Global
	GlobalSection(SolutionConfigurationPlatforms) = preSolution
		Debug|x64 = Debug|x64
		Debug|x86 = Debug|x86
		Release|x64 = Release|x64
		Release|x86 = Release|x86
	EndGlobalSection
	GlobalSection(ProjectConfigurationPlatforms) = postSolution
		{40A318A5-3341-493D-8ACD-5F66D36DCE18}.Debug|x64.ActiveCfg = Debug|x64
		{40A318A5-3341-493D-8ACD-5F66D36DCE18}.Debug|x64.Build.0 = Debug|x64
		{40A318A5-3341-493D-8ACD-5F66D36DCE18}.Debug|x86.ActiveCfg = Debug|Win32
		{40A318A5-3341-493D-8ACD-5F66D36DCE18}.Debug|x86.Build.0 = Debug|Win32
		{40A318A5-3341-493D-8ACD-5F66D36DCE18}.Release|x64.ActiveCfg = Release|x64
		{40A318A5-3341-493D-8ACD-5F66D36DCE18}.Release|x64.Build.0 = Release|x64
		{40A318A5-3341-493D-8ACD-5F66D36DCE18}.Release|x86.ActiveCfg = Release|Win32
		{40A318A5-3341-493D-8ACD-5F66D36DCE18}.Release|x86.Build.0 = Release|Win32
		{05C05CE0-C01C-4902-ABBB-77001CF9D0D3}.Debug|x64.ActiveCfg = Debug|x64
		{05C05CE0-C01C-4902-ABBB-77001CF9D0D3}.Debug|x64.Build.0 = Debug|x64
		{05C05CE0-C01C-4902-ABBB-77001CF9D0D3}.Debug|x86.ActiveCfg = Debug|Win32
		{05C05CE0-C01C-4902-ABBB-77001CF9D0D3}.Debug|x86.Build.0 = Debug|Win32
		{05C05CE0-C01C-4902-ABBB-77001CF9D0D3}.Release|x64.ActiveCfg = Release|x64
		{05C05CE0-C01C-4902-ABBB-77001CF9D0D3}.Release|x64.Build.0 = Release|x64
		{05C05CE0-C01C-4902-ABBB-77001CF9D0D3}.Release|x86.ActiveCfg = Release|Win32
		{05C05CE0-C01C-4902-ABBB-77001CF9D0D3}.Release|x86.Build.0 = Release|Win32
		{59D681C5-127F-4DFC-843C-B1EF162D99ED}.Debug|x64.ActiveCfg = Debug|x64
		{59D681C5-127F-4DFC-843C-B1EF162D99ED}.Debug|x64.Build.0 = Debug|x64
		{59D681C5-127F-4DFC-843C-B1EF162D99ED}.Debug|x86.ActiveCfg = Debug|Win32
		{59D681C5-127F-4DFC-843C-B1EF162D99ED}.Debug|x86.Build.0 = Debug|Win32
		{59D681C5-127F-4DFC-843C-B1EF162D99ED}.Release|x64.ActiveCfg = Release|x64
		{59D681C5-127F-4DFC-843C-B1EF162D99ED}.Release|x64.Build.0 = Release|x64
		{59D681C5-127F-4DFC-843C-B1EF162D99ED}.Release|x86.ActiveCfg = Release|Win32
		{59D681C5-127F-4DFC-843C-B1EF162D99ED}.Release|x86.Build.0 = Release|Win32
		{A919D775-E36F-48AD-8C96-55DB8C41DC1F}.Debug|x64.ActiveCfg = Debug|x64
		{A919D775-E36F-48AD-8C96-55DB8C41DC1F}.Debug|x64.Build.0 = Debug|x64
		{A919D775-E36F-48AD-8C96-55DB8C41DC1F}.Debug|x86.ActiveCfg = Debug|Win32
		{A919D775-E36F-48AD-8C96-55DB8C41DC1F}.Debug|x86.Build.0 = Debug|Win32
		{A919D775-E36F-48AD-8C96-55DB8C41DC1F}.Release|x64.ActiveCfg = Release|x64
		{A919D775-E36F-48AD-8C96-55DB8C41DC1F}.Release|x64.Build.0 = Release|x64
		{A919D775-E36F-48AD-8C96-55DB8C41DC1F}.Release|x86.ActiveCfg = Release|Win32
		{A919D775-E36F-48AD-8C96-55DB8C41DC1F}.Release|x86.Build.0 = Release|Win32
		{6DA0BB90-D9D1-4A2A-9D06-3E4793C5F1EE}.Debug|x64.ActiveCfg = Debug|x64
		{6DA0BB90-D9D1-4A2A-9D06-3E4793C5F1EE}.Debug|x64.Build.0 = Debug|x64
		{6DA0BB90-D9D1-4A2A-9D06-3E4793C5F1EE}.Debug|x86.ActiveCfg = Debug|Win32
		{6DA0BB90-D9D1-4A2A-9D06-3E4793C5F1EE}.Debug|x86.Build.0 = Debug|Win32
		{6DA0BB90-D9D1-4A2A-9D06-3E4793C5F1EE}.Release|x64.ActiveCfg = Release|x64
		{6DA0BB90-D9D1-4A2A-9D06-3E4793C5F1EE}.Release|x64.Build.0 = Release|x64
		{6DA0BB90-D9D1-4A2A-9D06-3E4793C5F1EE}.Release|x86.ActiveCfg = Release|Win32
		{6DA0BB90-D9D1-4A2A-9D06-3E4793C5F1EE}.Release|x86.Build.0 = Release|Win32
		{A5EBBDDC-1999-49D0-A10D-6AE67541975C}.Debug|x64.ActiveCfg = Debug|x64
		{A5EBBDDC-1999-49D0-A10D-6AE67541975C}.Debug|x64.Build.0 = Debug|x64
		{A5EBBDDC-1999-49D0-A10D-6AE67541975C}.Debug|x86.ActiveCfg = Debug|Win32
		{A5EBBDDC-1999-49D0-A10D-6AE67541975C}.Debug|x86.Build.0 = Debug|Win32
		{A5EBBDDC-1999-49D0-A10D-6AE67541975C}.Release|x64.ActiveCfg = Release|x64
		{A5EBBDDC-1999-49D0-A10D-6AE67541975C}.Release|x64.Build.0 = Release|x64
		{A5EBBDDC-1999-49D0-A10D-6AE67541975C}.Release|x86.ActiveCfg = Release|Win32
		{A5EBBDDC-1999-49D0-A10D-6AE67541975C}.Release|x86.Build.0 = Release|Win32
		{FA62DBAB-3660-48DE-AD36-FA20A3310E67}.Debug|x64.ActiveCfg = Debug|x64
		{FA62DBAB-3660-48DE-AD36-FA20A3310E67}.Debug|x64.Build.0 = Debug|x64
		{FA62DBAB-3660-48DE-AD36-FA20A3310E67}.Debug|x86.ActiveCfg = Debug|Win32
		{FA62DBAB-3660-48DE-AD36-FA20A3310E67}.Debug|x86.Build.0 = Debug|Win32
		{FA62DBAB-3660-48DE-AD36-FA20A3310E67}.Release|x64.ActiveCfg = Release|x64
		{FA62DBAB-3660-48DE-AD36-FA20A3310E67}.Release|x64.Build.0 = Release|x64
		{FA62DBAB-3660-48DE-AD36-FA20A3310E67}.Release|x86.ActiveCfg = Release|Win32
		{FA62DBAB-3660-48DE-AD36-FA20A3310E67}.Release|x86.Build.0 = Release|Win32
		{05F0E76A-4346-4CE9-A394-56EC9FF0D856}.Debug|x64.ActiveCfg = Debug|x64
		{05F0E76A-4346-4CE9-A394-56EC9FF0D856}.Debug|x64.Build.0 = Debug|x64
		{05F0E76A-4346-4CE9-A394-56EC9FF0D856}.Debug|x86.ActiveCfg = Debug|Win32
		{05F0E76A-4346-4CE9-A394-56EC9FF0D856}.Debug|x86.Build.0 = Debug|Win32
		{05F0E76A-4346-4CE9-A394-56EC9FF0D856}.Release|x64.ActiveCfg = Release|x64
		{05F0E76A-4346-4CE9-A394-56EC9FF0D856}.Release|x64.Build.0 = Release|x64
		{05F0E76A-4346-4CE9-A394-56EC9FF0D856}.Release|x86.ActiveCfg = Release|Win32
		{05F0E76A-4346-4CE9-A394-56EC9FF0D856}.Release|x86.Build.0 = Release|Win32
	EndGlobalSection
	GlobalSection(SolutionProperties) = preSolution
		HideSolutionNode = FALSE
	EndGlobalSection
	GlobalSection(ExtensibilityGlobals) = postSolution
		SolutionGuid = {FF4CC14D-9957-4125-985A-EB6415C855E7}
	EndGlobalSection
EndGlobal
